PODS:
  - Alamofire (4.6.0)
  - ASValueTrackingSlider (0.12.1)
  - CocoaAsyncSocket (7.6.2)
  - JDStatusBarNotification (1.5.6)
  - PureLayout (3.0.2)
  - SwiftyJSON (4.0.0)

DEPENDENCIES:
  - Alamofire (~> 4.4)
  - ASValueTrackingSlider
  - CocoaAsyncSocket
  - JDStatusBarNotification
  - PureLayout
  - SwiftyJSON

SPEC CHECKSUMS:
  Alamofire: f41a599bd63041760b26d393ec1069d9d7b917f4
  ASValueTrackingSlider: 5261de3fcf00adb339efc93885e8f0bc99e703cd
  CocoaAsyncSocket: 3541e024f48c54b251638ef72d51dd42808de932
  JDStatusBarNotification: d5829a8f2f291b23b8a54b87fac8bf2549945a2f
  PureLayout: 4d550abe49a94f24c2808b9b95db9131685fe4cd
  SwiftyJSON: 070dabdcb1beb81b247c65ffa3a79dbbfb3b48aa

PODFILE CHECKSUM: 670255d495a1ddfb24c101ec660a87d29b6b503b

COCOAPODS: 1.4.0
